
Microsoft Visual Studio Solution File, Format Version 12.00
# Visual Studio Version 16
VisualStudioVersion = 16.0.31702.278
MinimumVisualStudioVersion = 10.0.40219.1
Project("{9A19103F-16F7-4668-BE54-9A1E7A4F7556}") = "TiendaProductoServer", "TiendaProductoServer\TiendaProductoServer.csproj", "{C46ABF6E-067D-44F7-A652-BCB2B05374B8}"
EndProject
Project("{9A19103F-16F7-4668-BE54-9A1E7A4F7556}") = "AccesoDatos", "AccesoDatos\AccesoDatos.csproj", "{89708F37-056C-4772-83AE-8A0BB407479B}"
EndProject
Project("{9A19103F-16F7-4668-BE54-9A1E7A4F7556}") = "Comun", "Comun\Comun.csproj", "{BCE7362B-9425-4A3A-B3C3-4A08BA737A3F}"
EndProject
Project("{9A19103F-16F7-4668-BE54-9A1E7A4F7556}") = "Negocios", "Negocios\Negocios.csproj", "{17C300F4-5FA0-44AC-9603-B7EDFFA978DB}"
EndProject
Project("{9A19103F-16F7-4668-BE54-9A1E7A4F7556}") = "Modelos", "Modelos\Modelos.csproj", "{AE477D1B-4400-430E-94EF-C4D8362C8160}"
EndProject
Project("{9A19103F-16F7-4668-BE54-9A1E7A4F7556}") = "TiendaProductoAPI", "TiendaProductoAPI\TiendaProductoAPI.csproj", "{990EF244-43BB-456B-82F7-459F0BAB1FAA}"
EndProject
Project("{FAE04EC0-301F-11D3-BF4B-00C04F79EFBC}") = "TiendaProductoCliente", "TiendaProductoCliente\TiendaProductoCliente.csproj", "{A17FDC36-A355-486E-A54A-7DBEA132EE22}"
EndProject
Global
	GlobalSection(SolutionConfigurationPlatforms) = preSolution
		Debug|Any CPU = Debug|Any CPU
		Release|Any CPU = Release|Any CPU
	EndGlobalSection
	GlobalSection(ProjectConfigurationPlatforms) = postSolution
		{C46ABF6E-067D-44F7-A652-BCB2B05374B8}.Debug|Any CPU.ActiveCfg = Debug|Any CPU
		{C46ABF6E-067D-44F7-A652-BCB2B05374B8}.Debug|Any CPU.Build.0 = Debug|Any CPU
		{C46ABF6E-067D-44F7-A652-BCB2B05374B8}.Release|Any CPU.ActiveCfg = Release|Any CPU
		{C46ABF6E-067D-44F7-A652-BCB2B05374B8}.Release|Any CPU.Build.0 = Release|Any CPU
		{89708F37-056C-4772-83AE-8A0BB407479B}.Debug|Any CPU.ActiveCfg = Debug|Any CPU
		{89708F37-056C-4772-83AE-8A0BB407479B}.Debug|Any CPU.Build.0 = Debug|Any CPU
		{89708F37-056C-4772-83AE-8A0BB407479B}.Release|Any CPU.ActiveCfg = Release|Any CPU
		{89708F37-056C-4772-83AE-8A0BB407479B}.Release|Any CPU.Build.0 = Release|Any CPU
		{BCE7362B-9425-4A3A-B3C3-4A08BA737A3F}.Debug|Any CPU.ActiveCfg = Debug|Any CPU
		{BCE7362B-9425-4A3A-B3C3-4A08BA737A3F}.Debug|Any CPU.Build.0 = Debug|Any CPU
		{BCE7362B-9425-4A3A-B3C3-4A08BA737A3F}.Release|Any CPU.ActiveCfg = Release|Any CPU
		{BCE7362B-9425-4A3A-B3C3-4A08BA737A3F}.Release|Any CPU.Build.0 = Release|Any CPU
		{17C300F4-5FA0-44AC-9603-B7EDFFA978DB}.Debug|Any CPU.ActiveCfg = Debug|Any CPU
		{17C300F4-5FA0-44AC-9603-B7EDFFA978DB}.Debug|Any CPU.Build.0 = Debug|Any CPU
		{17C300F4-5FA0-44AC-9603-B7EDFFA978DB}.Release|Any CPU.ActiveCfg = Release|Any CPU
		{17C300F4-5FA0-44AC-9603-B7EDFFA978DB}.Release|Any CPU.Build.0 = Release|Any CPU
		{AE477D1B-4400-430E-94EF-C4D8362C8160}.Debug|Any CPU.ActiveCfg = Debug|Any CPU
		{AE477D1B-4400-430E-94EF-C4D8362C8160}.Debug|Any CPU.Build.0 = Debug|Any CPU
		{AE477D1B-4400-430E-94EF-C4D8362C8160}.Release|Any CPU.ActiveCfg = Release|Any CPU
		{AE477D1B-4400-430E-94EF-C4D8362C8160}.Release|Any CPU.Build.0 = Release|Any CPU
		{990EF244-43BB-456B-82F7-459F0BAB1FAA}.Debug|Any CPU.ActiveCfg = Debug|Any CPU
		{990EF244-43BB-456B-82F7-459F0BAB1FAA}.Debug|Any CPU.Build.0 = Debug|Any CPU
		{990EF244-43BB-456B-82F7-459F0BAB1FAA}.Release|Any CPU.ActiveCfg = Release|Any CPU
		{990EF244-43BB-456B-82F7-459F0BAB1FAA}.Release|Any CPU.Build.0 = Release|Any CPU
		{A17FDC36-A355-486E-A54A-7DBEA132EE22}.Debug|Any CPU.ActiveCfg = Debug|Any CPU
		{A17FDC36-A355-486E-A54A-7DBEA132EE22}.Debug|Any CPU.Build.0 = Debug|Any CPU
		{A17FDC36-A355-486E-A54A-7DBEA132EE22}.Release|Any CPU.ActiveCfg = Release|Any CPU
		{A17FDC36-A355-486E-A54A-7DBEA132EE22}.Release|Any CPU.Build.0 = Release|Any CPU
	EndGlobalSection
	GlobalSection(SolutionProperties) = preSolution
		HideSolutionNode = FALSE
	EndGlobalSection
	GlobalSection(ExtensibilityGlobals) = postSolution
		SolutionGuid = {A79EA7B5-BD75-4CF8-9C60-2CBE7282AF60}
	EndGlobalSection
EndGlobal
